
Microsoft Visual Studio Solution File, Format Version 12.00
# Visual Studio Version 16
VisualStudioVersion = 16.0.29025.244
MinimumVisualStudioVersion = 10.0.40219.1
Project("{FAE04EC0-301F-11D3-BF4B-00C04F79EFBC}") = "NET.A.2019.Alekseev.04", "NET.A.2019.Alekseev.04.csproj", "{468DE3E2-6F05-4E62-B9E5-6A8A41AE526F}"
EndProject
Project("{FAE04EC0-301F-11D3-BF4B-00C04F79EFBC}") = "Day4Test", "..\Day4Test\Day4Test.csproj", "{DF4CEE0B-B2FC-4692-9871-C22873002705}"
EndProject
Global
	GlobalSection(SolutionConfigurationPlatforms) = preSolution
		Debug|Any CPU = Debug|Any CPU
		Release|Any CPU = Release|Any CPU
	EndGlobalSection
	GlobalSection(ProjectConfigurationPlatforms) = postSolution
		{468DE3E2-6F05-4E62-B9E5-6A8A41AE526F}.Debug|Any CPU.ActiveCfg = Debug|Any CPU
		{468DE3E2-6F05-4E62-B9E5-6A8A41AE526F}.Debug|Any CPU.Build.0 = Debug|Any CPU
		{468DE3E2-6F05-4E62-B9E5-6A8A41AE526F}.Release|Any CPU.ActiveCfg = Release|Any CPU
		{468DE3E2-6F05-4E62-B9E5-6A8A41AE526F}.Release|Any CPU.Build.0 = Release|Any CPU
		{DF4CEE0B-B2FC-4692-9871-C22873002705}.Debug|Any CPU.ActiveCfg = Debug|Any CPU
		{DF4CEE0B-B2FC-4692-9871-C22873002705}.Debug|Any CPU.Build.0 = Debug|Any CPU
		{DF4CEE0B-B2FC-4692-9871-C22873002705}.Release|Any CPU.ActiveCfg = Release|Any CPU
		{DF4CEE0B-B2FC-4692-9871-C22873002705}.Release|Any CPU.Build.0 = Release|Any CPU
	EndGlobalSection
	GlobalSection(SolutionProperties) = preSolution
		HideSolutionNode = FALSE
	EndGlobalSection
	GlobalSection(ExtensibilityGlobals) = postSolution
		SolutionGuid = {38910C2A-078B-4BAD-AF8F-C83581C56E78}
	EndGlobalSection
EndGlobal
